
Microsoft Visual Studio Solution File, Format Version 12.00
Project("{FAE04EC0-301F-11D3-BF4B-00C04F79EFBC}") = "GeneticAlgorithm", "GeneticAlgorithm\GeneticAlgorithm.csproj", "{C2B53CB3-8277-4CAC-84E4-87992378503E}"
EndProject
Global
	GlobalSection(SolutionConfigurationPlatforms) = preSolution
		Debug|Any CPU = Debug|Any CPU
		Release|Any CPU = Release|Any CPU
	EndGlobalSection
	GlobalSection(ProjectConfigurationPlatforms) = postSolution
		{C2B53CB3-8277-4CAC-84E4-87992378503E}.Debug|Any CPU.ActiveCfg = Debug|Any CPU
		{C2B53CB3-8277-4CAC-84E4-87992378503E}.Debug|Any CPU.Build.0 = Debug|Any CPU
		{C2B53CB3-8277-4CAC-84E4-87992378503E}.Release|Any CPU.ActiveCfg = Release|Any CPU
		{C2B53CB3-8277-4CAC-84E4-87992378503E}.Release|Any CPU.Build.0 = Release|Any CPU
	EndGlobalSection
EndGlobal
