
Microsoft Visual Studio Solution File, Format Version 12.00
Project("{FAE04EC0-301F-11D3-BF4B-00C04F79EFBC}") = "GeneticAlgorithm", "GeneticAlgorithm\GeneticAlgorithm.csproj", "{C2B53CB3-8277-4CAC-84E4-87992378503E}"
EndProject
Project("{FAE04EC0-301F-11D3-BF4B-00C04F79EFBC}") = "GeneticAlgorithm_Tests", "GeneticAlgorithm_Tests\GeneticAlgorithm_Tests.csproj", "{074FD090-EE62-4327-9AA9-A2D081CCA76E}"
EndProject
Project("{FAE04EC0-301F-11D3-BF4B-00C04F79EFBC}") = "ConsoleRunner", "ConsoleRunner\ConsoleRunner.csproj", "{85C35E8B-6661-4F73-919A-1107FE6F1395}"
EndProject
Project("{FAE04EC0-301F-11D3-BF4B-00C04F79EFBC}") = "Scheduling", "Scheduling\Scheduling.csproj", "{E4F0960D-5680-4287-AD50-9B275CA9758E}"
EndProject
Project("{FAE04EC0-301F-11D3-BF4B-00C04F79EFBC}") = "Scheduling_Tests", "Scheduling_Tests\Scheduling_Tests.csproj", "{FA0DC17B-4BD6-4621-87D9-2C11C26AB88C}"
EndProject
Project("{FAE04EC0-301F-11D3-BF4B-00C04F79EFBC}") = "Data", "Data\Data.csproj", "{ADADD8F1-1C91-4C11-837C-40BC5AEE8C9E}"
EndProject
Project("{FAE04EC0-301F-11D3-BF4B-00C04F79EFBC}") = "Sat", "Sat\Sat.csproj", "{19B3406F-854F-4A39-8052-C813A88D7C32}"
EndProject
Project("{FAE04EC0-301F-11D3-BF4B-00C04F79EFBC}") = "SchedulingAlgorithmModels", "SchedulingAlgorithmModels\SchedulingAlgorithmModels.csproj", "{15B647F7-B0DD-4D4C-AB82-814081B15D66}"
EndProject
Project("{FAE04EC0-301F-11D3-BF4B-00C04F79EFBC}") = "QLearning", "QLearning\QLearning.csproj", "{0687AD0E-ECFE-48E7-951D-EA30CEC1E082}"
EndProject
Global
	GlobalSection(SolutionConfigurationPlatforms) = preSolution
		Debug|Any CPU = Debug|Any CPU
		Release|Any CPU = Release|Any CPU
	EndGlobalSection
	GlobalSection(ProjectConfigurationPlatforms) = postSolution
		{C2B53CB3-8277-4CAC-84E4-87992378503E}.Debug|Any CPU.ActiveCfg = Debug|Any CPU
		{C2B53CB3-8277-4CAC-84E4-87992378503E}.Debug|Any CPU.Build.0 = Debug|Any CPU
		{C2B53CB3-8277-4CAC-84E4-87992378503E}.Release|Any CPU.ActiveCfg = Release|Any CPU
		{C2B53CB3-8277-4CAC-84E4-87992378503E}.Release|Any CPU.Build.0 = Release|Any CPU
		{074FD090-EE62-4327-9AA9-A2D081CCA76E}.Debug|Any CPU.ActiveCfg = Debug|Any CPU
		{074FD090-EE62-4327-9AA9-A2D081CCA76E}.Debug|Any CPU.Build.0 = Debug|Any CPU
		{074FD090-EE62-4327-9AA9-A2D081CCA76E}.Release|Any CPU.ActiveCfg = Release|Any CPU
		{074FD090-EE62-4327-9AA9-A2D081CCA76E}.Release|Any CPU.Build.0 = Release|Any CPU
		{85C35E8B-6661-4F73-919A-1107FE6F1395}.Debug|Any CPU.ActiveCfg = Debug|Any CPU
		{85C35E8B-6661-4F73-919A-1107FE6F1395}.Debug|Any CPU.Build.0 = Debug|Any CPU
		{85C35E8B-6661-4F73-919A-1107FE6F1395}.Release|Any CPU.ActiveCfg = Release|Any CPU
		{85C35E8B-6661-4F73-919A-1107FE6F1395}.Release|Any CPU.Build.0 = Release|Any CPU
		{E4F0960D-5680-4287-AD50-9B275CA9758E}.Debug|Any CPU.ActiveCfg = Debug|Any CPU
		{E4F0960D-5680-4287-AD50-9B275CA9758E}.Debug|Any CPU.Build.0 = Debug|Any CPU
		{E4F0960D-5680-4287-AD50-9B275CA9758E}.Release|Any CPU.ActiveCfg = Release|Any CPU
		{E4F0960D-5680-4287-AD50-9B275CA9758E}.Release|Any CPU.Build.0 = Release|Any CPU
		{FA0DC17B-4BD6-4621-87D9-2C11C26AB88C}.Debug|Any CPU.ActiveCfg = Debug|Any CPU
		{FA0DC17B-4BD6-4621-87D9-2C11C26AB88C}.Debug|Any CPU.Build.0 = Debug|Any CPU
		{FA0DC17B-4BD6-4621-87D9-2C11C26AB88C}.Release|Any CPU.ActiveCfg = Release|Any CPU
		{FA0DC17B-4BD6-4621-87D9-2C11C26AB88C}.Release|Any CPU.Build.0 = Release|Any CPU
		{ADADD8F1-1C91-4C11-837C-40BC5AEE8C9E}.Debug|Any CPU.ActiveCfg = Debug|Any CPU
		{ADADD8F1-1C91-4C11-837C-40BC5AEE8C9E}.Debug|Any CPU.Build.0 = Debug|Any CPU
		{ADADD8F1-1C91-4C11-837C-40BC5AEE8C9E}.Release|Any CPU.ActiveCfg = Release|Any CPU
		{ADADD8F1-1C91-4C11-837C-40BC5AEE8C9E}.Release|Any CPU.Build.0 = Release|Any CPU
		{19B3406F-854F-4A39-8052-C813A88D7C32}.Debug|Any CPU.ActiveCfg = Debug|Any CPU
		{19B3406F-854F-4A39-8052-C813A88D7C32}.Debug|Any CPU.Build.0 = Debug|Any CPU
		{19B3406F-854F-4A39-8052-C813A88D7C32}.Release|Any CPU.ActiveCfg = Release|Any CPU
		{19B3406F-854F-4A39-8052-C813A88D7C32}.Release|Any CPU.Build.0 = Release|Any CPU
		{15B647F7-B0DD-4D4C-AB82-814081B15D66}.Debug|Any CPU.ActiveCfg = Debug|Any CPU
		{15B647F7-B0DD-4D4C-AB82-814081B15D66}.Debug|Any CPU.Build.0 = Debug|Any CPU
		{15B647F7-B0DD-4D4C-AB82-814081B15D66}.Release|Any CPU.ActiveCfg = Release|Any CPU
		{15B647F7-B0DD-4D4C-AB82-814081B15D66}.Release|Any CPU.Build.0 = Release|Any CPU
		{0687AD0E-ECFE-48E7-951D-EA30CEC1E082}.Debug|Any CPU.ActiveCfg = Debug|Any CPU
		{0687AD0E-ECFE-48E7-951D-EA30CEC1E082}.Debug|Any CPU.Build.0 = Debug|Any CPU
		{0687AD0E-ECFE-48E7-951D-EA30CEC1E082}.Release|Any CPU.ActiveCfg = Release|Any CPU
		{0687AD0E-ECFE-48E7-951D-EA30CEC1E082}.Release|Any CPU.Build.0 = Release|Any CPU
	EndGlobalSection
EndGlobal
